
Microsoft Visual Studio Solution File, Format Version 12.00
# Visual Studio Version 17
VisualStudioVersion = 17.9.34622.214
MinimumVisualStudioVersion = 10.0.40219.1
Project("{9A19103F-16F7-4668-BE54-9A1E7A4F7556}") = "SalesManager.API", "SalesManager.API\SalesManager.API.csproj", "{14D0D81C-ABB3-4A13-A2F9-C9E384A7B91B}"
EndProject
Project("{9A19103F-16F7-4668-BE54-9A1E7A4F7556}") = "SalesManager.Domain", "SalesManager.Domain\SalesManager.Domain.csproj", "{01C151D9-4EDD-4269-B342-86CA99563DE4}"
EndProject
Project("{9A19103F-16F7-4668-BE54-9A1E7A4F7556}") = "SalesManager.Persistence", "SalesManager.Persistence\SalesManager.Persistence.csproj", "{311E27D6-7C04-481D-89CA-5B1E4D00ABB6}"
EndProject
Project("{9A19103F-16F7-4668-BE54-9A1E7A4F7556}") = "SalesManager.Deploy", "SalesManager.Deploy\SalesManager.Deploy.csproj", "{69CAE3F1-E05C-4DDA-BD81-B0C60802B793}"
EndProject
Project("{FAE04EC0-301F-11D3-BF4B-00C04F79EFBC}") = "SalesManager.UnitTests", "SalesManager.UnitTests\SalesManager.UnitTests.csproj", "{71E7DEA8-E869-4DFD-816F-0A9AC0CE4A7A}"
EndProject
Global
	GlobalSection(SolutionConfigurationPlatforms) = preSolution
		Debug|Any CPU = Debug|Any CPU
		Release|Any CPU = Release|Any CPU
	EndGlobalSection
	GlobalSection(ProjectConfigurationPlatforms) = postSolution
		{14D0D81C-ABB3-4A13-A2F9-C9E384A7B91B}.Debug|Any CPU.ActiveCfg = Debug|Any CPU
		{14D0D81C-ABB3-4A13-A2F9-C9E384A7B91B}.Debug|Any CPU.Build.0 = Debug|Any CPU
		{14D0D81C-ABB3-4A13-A2F9-C9E384A7B91B}.Release|Any CPU.ActiveCfg = Release|Any CPU
		{14D0D81C-ABB3-4A13-A2F9-C9E384A7B91B}.Release|Any CPU.Build.0 = Release|Any CPU
		{01C151D9-4EDD-4269-B342-86CA99563DE4}.Debug|Any CPU.ActiveCfg = Debug|Any CPU
		{01C151D9-4EDD-4269-B342-86CA99563DE4}.Debug|Any CPU.Build.0 = Debug|Any CPU
		{01C151D9-4EDD-4269-B342-86CA99563DE4}.Release|Any CPU.ActiveCfg = Release|Any CPU
		{01C151D9-4EDD-4269-B342-86CA99563DE4}.Release|Any CPU.Build.0 = Release|Any CPU
		{311E27D6-7C04-481D-89CA-5B1E4D00ABB6}.Debug|Any CPU.ActiveCfg = Debug|Any CPU
		{311E27D6-7C04-481D-89CA-5B1E4D00ABB6}.Debug|Any CPU.Build.0 = Debug|Any CPU
		{311E27D6-7C04-481D-89CA-5B1E4D00ABB6}.Release|Any CPU.ActiveCfg = Release|Any CPU
		{311E27D6-7C04-481D-89CA-5B1E4D00ABB6}.Release|Any CPU.Build.0 = Release|Any CPU
		{69CAE3F1-E05C-4DDA-BD81-B0C60802B793}.Debug|Any CPU.ActiveCfg = Debug|Any CPU
		{69CAE3F1-E05C-4DDA-BD81-B0C60802B793}.Debug|Any CPU.Build.0 = Debug|Any CPU
		{69CAE3F1-E05C-4DDA-BD81-B0C60802B793}.Release|Any CPU.ActiveCfg = Release|Any CPU
		{69CAE3F1-E05C-4DDA-BD81-B0C60802B793}.Release|Any CPU.Build.0 = Release|Any CPU
		{71E7DEA8-E869-4DFD-816F-0A9AC0CE4A7A}.Debug|Any CPU.ActiveCfg = Debug|Any CPU
		{71E7DEA8-E869-4DFD-816F-0A9AC0CE4A7A}.Debug|Any CPU.Build.0 = Debug|Any CPU
		{71E7DEA8-E869-4DFD-816F-0A9AC0CE4A7A}.Release|Any CPU.ActiveCfg = Release|Any CPU
		{71E7DEA8-E869-4DFD-816F-0A9AC0CE4A7A}.Release|Any CPU.Build.0 = Release|Any CPU
	EndGlobalSection
	GlobalSection(SolutionProperties) = preSolution
		HideSolutionNode = FALSE
	EndGlobalSection
	GlobalSection(ExtensibilityGlobals) = postSolution
		SolutionGuid = {231DE614-FDA3-4876-87E6-620E1E070B2E}
	EndGlobalSection
EndGlobal
